// !$*UTF8*$!
{
	archiveVersion = 1;
	classes = {
	};
	objectVersion = 46;
	objects = {

/* Begin PBXBuildFile section */
		1EA54B6C14E20845007874D9 /* Cocoa.framework in Frameworks */ = {isa = PBXBuildFile; fileRef = 1EA54B6B14E20845007874D9 /* Cocoa.framework */; };
		1EA54B7614E20845007874D9 /* InfoPlist.strings in Resources */ = {isa = PBXBuildFile; fileRef = 1EA54B7414E20845007874D9 /* InfoPlist.strings */; };
		1EA54B7814E20845007874D9 /* main.m in Sources */ = {isa = PBXBuildFile; fileRef = 1EA54B7714E20845007874D9 /* main.m */; };
		1EA54B7C14E20845007874D9 /* Credits.rtf in Resources */ = {isa = PBXBuildFile; fileRef = 1EA54B7A14E20845007874D9 /* Credits.rtf */; };
		1EA54B7F14E20845007874D9 /* AppDelegate.m in Sources */ = {isa = PBXBuildFile; fileRef = 1EA54B7E14E20845007874D9 /* AppDelegate.m */; };
		1EA54B8214E20845007874D9 /* MainMenu.xib in Resources */ = {isa = PBXBuildFile; fileRef = 1EA54B8014E20845007874D9 /* MainMenu.xib */; };
		1EA54B8A14E20845007874D9 /* SenTestingKit.framework in Frameworks */ = {isa = PBXBuildFile; fileRef = 1EA54B8914E20845007874D9 /* SenTestingKit.framework */; };
		1EA54B8B14E20845007874D9 /* Cocoa.framework in Frameworks */ = {isa = PBXBuildFile; fileRef = 1EA54B6B14E20845007874D9 /* Cocoa.framework */; };
		1EA54B9314E20845007874D9 /* InfoPlist.strings in Resources */ = {isa = PBXBuildFile; fileRef = 1EA54B9114E20845007874D9 /* InfoPlist.strings */; };
		1EA54B9614E20845007874D9 /* SNDCNVTests.m in Sources */ = {isa = PBXBuildFile; fileRef = 1EA54B9514E20845007874D9 /* SNDCNVTests.m */; };
/* End PBXBuildFile section */

/* Begin PBXContainerItemProxy section */
		1EA54B8C14E20845007874D9 /* PBXContainerItemProxy */ = {
			isa = PBXContainerItemProxy;
			containerPortal = 1EA54B5E14E20843007874D9 /* Project object */;
			proxyType = 1;
			remoteGlobalIDString = 1EA54B6614E20844007874D9;
			remoteInfo = SNDCNV;
		};
/* End PBXContainerItemProxy section */

/* Begin PBXFileReference section */
		1EA54B6714E20844007874D9 /* SNDCNV.app */ = {isa = PBXFileReference; explicitFileType = wrapper.application; includeInIndex = 0; path = SNDCNV.app; sourceTree = BUILT_PRODUCTS_DIR; };
		1EA54B6B14E20845007874D9 /* Cocoa.framework */ = {isa = PBXFileReference; lastKnownFileType = wrapper.framework; name = Cocoa.framework; path = System/Library/Frameworks/Cocoa.framework; sourceTree = SDKROOT; };
		1EA54B6E14E20845007874D9 /* AppKit.framework */ = {isa = PBXFileReference; lastKnownFileType = wrapper.framework; name = AppKit.framework; path = System/Library/Frameworks/AppKit.framework; sourceTree = SDKROOT; };
		1EA54B6F14E20845007874D9 /* CoreData.framework */ = {isa = PBXFileReference; lastKnownFileType = wrapper.framework; name = CoreData.framework; path = System/Library/Frameworks/CoreData.framework; sourceTree = SDKROOT; };
		1EA54B7014E20845007874D9 /* Foundation.framework */ = {isa = PBXFileReference; lastKnownFileType = wrapper.framework; name = Foundation.framework; path = System/Library/Frameworks/Foundation.framework; sourceTree = SDKROOT; };
		1EA54B7314E20845007874D9 /* SNDCNV-Info.plist */ = {isa = PBXFileReference; path = "SNDCNV-Info.plist"; sourceTree = "<group>"; };
		1EA54B7514E20845007874D9 /* en */ = {isa = PBXFileReference; lastKnownFileType = text.plist.strings; name = en; path = en.lproj/InfoPlist.strings; sourceTree = "<group>"; };
		1EA54B7714E20845007874D9 /* main.m */ = {isa = PBXFileReference; lastKnownFileType = sourcecode.c.objc; path = main.m; sourceTree = "<group>"; };
		1EA54B7914E20845007874D9 /* SNDCNV-Prefix.pch */ = {isa = PBXFileReference; path = "SNDCNV-Prefix.pch"; sourceTree = "<group>"; };
		1EA54B7B14E20845007874D9 /* en */ = {isa = PBXFileReference; lastKnownFileType = text.rtf; name = en; path = en.lproj/Credits.rtf; sourceTree = "<group>"; };
		1EA54B7D14E20845007874D9 /* AppDelegate.h */ = {isa = PBXFileReference; path = AppDelegate.h; sourceTree = "<group>"; };
		1EA54B7E14E20845007874D9 /* AppDelegate.m */ = {isa = PBXFileReference; lastKnownFileType = sourcecode.c.objc; path = AppDelegate.m; sourceTree = "<group>"; };
		1EA54B8114E20845007874D9 /* en */ = {isa = PBXFileReference; lastKnownFileType = file.xib; name = en; path = en.lproj/MainMenu.xib; sourceTree = "<group>"; };
		1EA54B8814E20845007874D9 /* SNDCNVTests.octest */ = {isa = PBXFileReference; explicitFileType = wrapper.cfbundle; includeInIndex = 0; path = SNDCNVTests.octest; sourceTree = BUILT_PRODUCTS_DIR; };
		1EA54B8914E20845007874D9 /* SenTestingKit.framework */ = {isa = PBXFileReference; lastKnownFileType = wrapper.framework; name = SenTestingKit.framework; path = Library/Frameworks/SenTestingKit.framework; sourceTree = DEVELOPER_DIR; };
		1EA54B9014E20845007874D9 /* SNDCNVTests-Info.plist */ = {isa = PBXFileReference; path = "SNDCNVTests-Info.plist"; sourceTree = "<group>"; };
		1EA54B9214E20845007874D9 /* en */ = {isa = PBXFileReference; lastKnownFileType = text.plist.strings; name = en; path = en.lproj/InfoPlist.strings; sourceTree = "<group>"; };
		1EA54B9414E20845007874D9 /* SNDCNVTests.h */ = {isa = PBXFileReference; path = SNDCNVTests.h; sourceTree = "<group>"; };
		1EA54B9514E20845007874D9 /* SNDCNVTests.m */ = {isa = PBXFileReference; lastKnownFileType = sourcecode.c.objc; path = SNDCNVTests.m; sourceTree = "<group>"; };
/* End PBXFileReference section */

/* Begin PBXFrameworksBuildPhase section */
		1EA54B6414E20844007874D9 /* Frameworks */ = {
			isa = PBXFrameworksBuildPhase;
			buildActionMask = 2147483647;
			files = (
				1EA54B6C14E20845007874D9 /* Cocoa.framework in Frameworks */,
			);
			runOnlyForDeploymentPostprocessing = 0;
		};
		1EA54B8414E20845007874D9 /* Frameworks */ = {
			isa = PBXFrameworksBuildPhase;
			buildActionMask = 2147483647;
			files = (
				1EA54B8A14E20845007874D9 /* SenTestingKit.framework in Frameworks */,
				1EA54B8B14E20845007874D9 /* Cocoa.framework in Frameworks */,
			);
			runOnlyForDeploymentPostprocessing = 0;
		};
/* End PBXFrameworksBuildPhase section */

/* Begin PBXGroup section */
		1EA54B5C14E20843007874D9 = {
			isa = PBXGroup;
			children = (
				1EA54B7114E20845007874D9 /* SNDCNV */,
				1EA54B8E14E20845007874D9 /* SNDCNVTests */,
				1EA54B6A14E20844007874D9 /* Frameworks */,
				1EA54B6814E20844007874D9 /* Products */,
			);
			sourceTree = "<group>";
		};
		1EA54B6814E20844007874D9 /* Products */ = {
			isa = PBXGroup;
			children = (
				1EA54B6714E20844007874D9 /* SNDCNV.app */,
				1EA54B8814E20845007874D9 /* SNDCNVTests.octest */,
			);
			name = Products;
			sourceTree = "<group>";
		};
		1EA54B6A14E20844007874D9 /* Frameworks */ = {
			isa = PBXGroup;
			children = (
				1EA54B6B14E20845007874D9 /* Cocoa.framework */,
				1EA54B8914E20845007874D9 /* SenTestingKit.framework */,
				1EA54B6D14E20845007874D9 /* Other Frameworks */,
			);
			name = Frameworks;
			sourceTree = "<group>";
		};
		1EA54B6D14E20845007874D9 /* Other Frameworks */ = {
			isa = PBXGroup;
			children = (
				1EA54B6E14E20845007874D9 /* AppKit.framework */,
				1EA54B6F14E20845007874D9 /* CoreData.framework */,
				1EA54B7014E20845007874D9 /* Foundation.framework */,
			);
			name = "Other Frameworks";
			sourceTree = "<group>";
		};
		1EA54B7114E20845007874D9 /* SNDCNV */ = {
			isa = PBXGroup;
			children = (
				1EA54B7D14E20845007874D9 /* AppDelegate.h */,
				1EA54B7E14E20845007874D9 /* AppDelegate.m */,
				1EA54B8014E20845007874D9 /* MainMenu.xib */,
				1EA54B7214E20845007874D9 /* Supporting Files */,
			);
			path = SNDCNV;
			sourceTree = "<group>";
		};
		1EA54B7214E20845007874D9 /* Supporting Files */ = {
			isa = PBXGroup;
			children = (
				1EA54B7314E20845007874D9 /* SNDCNV-Info.plist */,
				1EA54B7414E20845007874D9 /* InfoPlist.strings */,
				1EA54B7714E20845007874D9 /* main.m */,
				1EA54B7914E20845007874D9 /* SNDCNV-Prefix.pch */,
				1EA54B7A14E20845007874D9 /* Credits.rtf */,
			);
			name = "Supporting Files";
			sourceTree = "<group>";
		};
		1EA54B8E14E20845007874D9 /* SNDCNVTests */ = {
			isa = PBXGroup;
			children = (
				1EA54B9414E20845007874D9 /* SNDCNVTests.h */,
				1EA54B9514E20845007874D9 /* SNDCNVTests.m */,
				1EA54B8F14E20845007874D9 /* Supporting Files */,
			);
			path = SNDCNVTests;
			sourceTree = "<group>";
		};
		1EA54B8F14E20845007874D9 /* Supporting Files */ = {
			isa = PBXGroup;
			children = (
				1EA54B9014E20845007874D9 /* SNDCNVTests-Info.plist */,
				1EA54B9114E20845007874D9 /* InfoPlist.strings */,
			);
			name = "Supporting Files";
			sourceTree = "<group>";
		};
/* End PBXGroup section */

/* Begin PBXNativeTarget section */
		1EA54B6614E20844007874D9 /* SNDCNV */ = {
			isa = PBXNativeTarget;
			buildConfigurationList = 1EA54B9914E20845007874D9 /* Build configuration list for PBXNativeTarget "SNDCNV" */;
			buildPhases = (
				1EA54B6314E20844007874D9 /* Sources */,
				1EA54B6414E20844007874D9 /* Frameworks */,
				1EA54B6514E20844007874D9 /* Resources */,
			);
			buildRules = (
			);
			dependencies = (
			);
			name = SNDCNV;
			productName = SNDCNV;
			productReference = 1EA54B6714E20844007874D9 /* SNDCNV.app */;
			productType = "com.apple.product-type.application";
		};
		1EA54B8714E20845007874D9 /* SNDCNVTests */ = {
			isa = PBXNativeTarget;
			buildConfigurationList = 1EA54B9C14E20845007874D9 /* Build configuration list for PBXNativeTarget "SNDCNVTests" */;
			buildPhases = (
				1EA54B8314E20845007874D9 /* Sources */,
				1EA54B8414E20845007874D9 /* Frameworks */,
				1EA54B8514E20845007874D9 /* Resources */,
				1EA54B8614E20845007874D9 /* ShellScript */,
			);
			buildRules = (
			);
			dependencies = (
				1EA54B8D14E20845007874D9 /* PBXTargetDependency */,
			);
			name = SNDCNVTests;
			productName = SNDCNVTests;
			productReference = 1EA54B8814E20845007874D9 /* SNDCNVTests.octest */;
			productType = "com.apple.product-type.bundle";
		};
/* End PBXNativeTarget section */

/* Begin PBXProject section */
		1EA54B5E14E20843007874D9 /* Project object */ = {
			isa = PBXProject;
			attributes = {
				LastUpgradeCheck = 0420;
			};
			buildConfigurationList = 1EA54B6114E20843007874D9 /* Build configuration list for PBXProject "SNDCNV" */;
			compatibilityVersion = "Xcode 3.2";
			developmentRegion = English;
			hasScannedForEncodings = 0;
			knownRegions = (
				en,
			);
			mainGroup = 1EA54B5C14E20843007874D9;
			productRefGroup = 1EA54B6814E20844007874D9 /* Products */;
			projectDirPath = "";
			projectRoot = "";
			targets = (
				1EA54B6614E20844007874D9 /* SNDCNV */,
				1EA54B8714E20845007874D9 /* SNDCNVTests */,
			);
		};
/* End PBXProject section */

/* Begin PBXResourcesBuildPhase section */
		1EA54B6514E20844007874D9 /* Resources */ = {
			isa = PBXResourcesBuildPhase;
			buildActionMask = 2147483647;
			files = (
				1EA54B7614E20845007874D9 /* InfoPlist.strings in Resources */,
				1EA54B7C14E20845007874D9 /* Credits.rtf in Resources */,
				1EA54B8214E20845007874D9 /* MainMenu.xib in Resources */,
			);
			runOnlyForDeploymentPostprocessing = 0;
		};
		1EA54B8514E20845007874D9 /* Resources */ = {
			isa = PBXResourcesBuildPhase;
			buildActionMask = 2147483647;
			files = (
				1EA54B9314E20845007874D9 /* InfoPlist.strings in Resources */,
			);
			runOnlyForDeploymentPostprocessing = 0;
		};
/* End PBXResourcesBuildPhase section */

/* Begin PBXShellScriptBuildPhase section */
		1EA54B8614E20845007874D9 /* ShellScript */ = {
			isa = PBXShellScriptBuildPhase;
			buildActionMask = 2147483647;
			files = (
			);
			inputPaths = (
			);
			outputPaths = (
			);
			runOnlyForDeploymentPostprocessing = 0;
			shellPath = /bin/sh;
			shellScript = "# Run the unit tests in this test bundle.\n\"${SYSTEM_DEVELOPER_DIR}/Tools/RunUnitTests\"\n";
		};
/* End PBXShellScriptBuildPhase section */

/* Begin PBXSourcesBuildPhase section */
		1EA54B6314E20844007874D9 /* Sources */ = {
			isa = PBXSourcesBuildPhase;
			buildActionMask = 2147483647;
			files = (
				1EA54B7814E20845007874D9 /* main.m in Sources */,
				1EA54B7F14E20845007874D9 /* AppDelegate.m in Sources */,
			);
			runOnlyForDeploymentPostprocessing = 0;
		};
		1EA54B8314E20845007874D9 /* Sources */ = {
			isa = PBXSourcesBuildPhase;
			buildActionMask = 2147483647;
			files = (
				1EA54B9614E20845007874D9 /* SNDCNVTests.m in Sources */,
			);
			runOnlyForDeploymentPostprocessing = 0;
		};
/* End PBXSourcesBuildPhase section */

/* Begin PBXTargetDependency section */
		1EA54B8D14E20845007874D9 /* PBXTargetDependency */ = {
			isa = PBXTargetDependency;
			target = 1EA54B6614E20844007874D9 /* SNDCNV */;
			targetProxy = 1EA54B8C14E20845007874D9 /* PBXContainerItemProxy */;
		};
/* End PBXTargetDependency section */

/* Begin PBXVariantGroup section */
		1EA54B7414E20845007874D9 /* InfoPlist.strings */ = {
			isa = PBXVariantGroup;
			children = (
				1EA54B7514E20845007874D9 /* en */,
			);
			name = InfoPlist.strings;
			sourceTree = "<group>";
		};
		1EA54B7A14E20845007874D9 /* Credits.rtf */ = {
			isa = PBXVariantGroup;
			children = (
				1EA54B7B14E20845007874D9 /* en */,
			);
			name = Credits.rtf;
			sourceTree = "<group>";
		};
		1EA54B8014E20845007874D9 /* MainMenu.xib */ = {
			isa = PBXVariantGroup;
			children = (
				1EA54B8114E20845007874D9 /* en */,
			);
			name = MainMenu.xib;
			sourceTree = "<group>";
		};
		1EA54B9114E20845007874D9 /* InfoPlist.strings */ = {
			isa = PBXVariantGroup;
			children = (
				1EA54B9214E20845007874D9 /* en */,
			);
			name = InfoPlist.strings;
			sourceTree = "<group>";
		};
/* End PBXVariantGroup section */

/* Begin XCBuildConfiguration section */
		1EA54B9714E20845007874D9 /* Debug */ = {
			isa = XCBuildConfiguration;
			buildSettings = {
				ALWAYS_SEARCH_USER_PATHS = NO;
				ARCHS = "$(ARCHS_STANDARD_64_BIT)";
				CLANG_ENABLE_OBJC_ARC = YES;
				COPY_PHASE_STRIP = NO;
				GCC_C_LANGUAGE_STANDARD = gnu99;
				GCC_DYNAMIC_NO_PIC = NO;
				GCC_ENABLE_OBJC_EXCEPTIONS = YES;
				GCC_OPTIMIZATION_LEVEL = 0;
				GCC_PREPROCESSOR_DEFINITIONS = (
					"DEBUG=1",
					"$(inherited)",
				);
				GCC_SYMBOLS_PRIVATE_EXTERN = NO;
				GCC_VERSION = com.apple.compilers.llvm.clang.1_0;
				GCC_WARN_64_TO_32_BIT_CONVERSION = YES;
				GCC_WARN_ABOUT_MISSING_PROTOTYPES = YES;
				GCC_WARN_ABOUT_RETURN_TYPE = YES;
				GCC_WARN_UNUSED_VARIABLE = YES;
				MACOSX_DEPLOYMENT_TARGET = 10.7;
				ONLY_ACTIVE_ARCH = YES;
				SDKROOT = macosx;
			};
			name = Debug;
		};
		1EA54B9814E20845007874D9 /* Release */ = {
			isa = XCBuildConfiguration;
			buildSettings = {
				ALWAYS_SEARCH_USER_PATHS = NO;
				ARCHS = "$(ARCHS_STANDARD_64_BIT)";
				CLANG_ENABLE_OBJC_ARC = YES;
				COPY_PHASE_STRIP = YES;
				DEBUG_INFORMATION_FORMAT = "dwarf-with-dsym";
				GCC_C_LANGUAGE_STANDARD = gnu99;
				GCC_ENABLE_OBJC_EXCEPTIONS = YES;
				GCC_VERSION = com.apple.compilers.llvm.clang.1_0;
				GCC_WARN_64_TO_32_BIT_CONVERSION = YES;
				GCC_WARN_ABOUT_MISSING_PROTOTYPES = YES;
				GCC_WARN_ABOUT_RETURN_TYPE = YES;
				GCC_WARN_UNUSED_VARIABLE = YES;
				MACOSX_DEPLOYMENT_TARGET = 10.7;
				SDKROOT = macosx;
			};
			name = Release;
		};
		1EA54B9A14E20845007874D9 /* Debug */ = {
			isa = XCBuildConfiguration;
			buildSettings = {
				GCC_PRECOMPILE_PREFIX_HEADER = YES;
				GCC_PREFIX_HEADER = "SNDCNV/SNDCNV-Prefix.pch";
				INFOPLIST_FILE = "SNDCNV/SNDCNV-Info.plist";
				PRODUCT_NAME = "$(TARGET_NAME)";
				WRAPPER_EXTENSION = app;
			};
			name = Debug;
		};
		1EA54B9B14E20845007874D9 /* Release */ = {
			isa = XCBuildConfiguration;
			buildSettings = {
				GCC_PRECOMPILE_PREFIX_HEADER = YES;
				GCC_PREFIX_HEADER = "SNDCNV/SNDCNV-Prefix.pch";
				INFOPLIST_FILE = "SNDCNV/SNDCNV-Info.plist";
				PRODUCT_NAME = "$(TARGET_NAME)";
				WRAPPER_EXTENSION = app;
			};
			name = Release;
		};
		1EA54B9D14E20845007874D9 /* Debug */ = {
			isa = XCBuildConfiguration;
			buildSettings = {
				BUNDLE_LOADER = "$(BUILT_PRODUCTS_DIR)/SNDCNV.app/Contents/MacOS/SNDCNV";
				FRAMEWORK_SEARCH_PATHS = "$(DEVELOPER_LIBRARY_DIR)/Frameworks";
				GCC_PRECOMPILE_PREFIX_HEADER = YES;
				GCC_PREFIX_HEADER = "SNDCNV/SNDCNV-Prefix.pch";
				INFOPLIST_FILE = "SNDCNVTests/SNDCNVTests-Info.plist";
				PRODUCT_NAME = "$(TARGET_NAME)";
				TEST_HOST = "$(BUNDLE_LOADER)";
				WRAPPER_EXTENSION = octest;
			};
			name = Debug;
		};
		1EA54B9E14E20845007874D9 /* Release */ = {
			isa = XCBuildConfiguration;
			buildSettings = {
				BUNDLE_LOADER = "$(BUILT_PRODUCTS_DIR)/SNDCNV.app/Contents/MacOS/SNDCNV";
				FRAMEWORK_SEARCH_PATHS = "$(DEVELOPER_LIBRARY_DIR)/Frameworks";
				GCC_PRECOMPILE_PREFIX_HEADER = YES;
				GCC_PREFIX_HEADER = "SNDCNV/SNDCNV-Prefix.pch";
				INFOPLIST_FILE = "SNDCNVTests/SNDCNVTests-Info.plist";
				PRODUCT_NAME = "$(TARGET_NAME)";
				TEST_HOST = "$(BUNDLE_LOADER)";
				WRAPPER_EXTENSION = octest;
			};
			name = Release;
		};
/* End XCBuildConfiguration section */

/* Begin XCConfigurationList section */
		1EA54B6114E20843007874D9 /* Build configuration list for PBXProject "SNDCNV" */ = {
			isa = XCConfigurationList;
			buildConfigurations = (
				1EA54B9714E20845007874D9 /* Debug */,
				1EA54B9814E20845007874D9 /* Release */,
			);
			defaultConfigurationIsVisible = 0;
			defaultConfigurationName = Release;
		};
		1EA54B9914E20845007874D9 /* Build configuration list for PBXNativeTarget "SNDCNV" */ = {
			isa = XCConfigurationList;
			buildConfigurations = (
				1EA54B9A14E20845007874D9 /* Debug */,
				1EA54B9B14E20845007874D9 /* Release */,
			);
			defaultConfigurationIsVisible = 0;
		};
		1EA54B9C14E20845007874D9 /* Build configuration list for PBXNativeTarget "SNDCNVTests" */ = {
			isa = XCConfigurationList;
			buildConfigurations = (
				1EA54B9D14E20845007874D9 /* Debug */,
				1EA54B9E14E20845007874D9 /* Release */,
			);
			defaultConfigurationIsVisible = 0;
		};
/* End XCConfigurationList section */
	};
	rootObject = 1EA54B5E14E20843007874D9 /* Project object */;
}
